// !$*UTF8*$!
{
	archiveVersion = 1;
	classes = {
	};
	objectVersion = 50;
	objects = {

/* Begin PBXBuildFile section */
		F9FE29F4231D281C00558881 /* AppDelegate.swift in Sources */ = {isa = PBXBuildFile; fileRef = F9FE29F3231D281C00558881 /* AppDelegate.swift */; };
		F9FE29F6231D281C00558881 /* ViewController.swift in Sources */ = {isa = PBXBuildFile; fileRef = F9FE29F5231D281C00558881 /* ViewController.swift */; };
		F9FE29F9231D281C00558881 /* Main.storyboard in Resources */ = {isa = PBXBuildFile; fileRef = F9FE29F7231D281C00558881 /* Main.storyboard */; };
		F9FE29FB231D281C00558881 /* Assets.xcassets in Resources */ = {isa = PBXBuildFile; fileRef = F9FE29FA231D281C00558881 /* Assets.xcassets */; };
		F9FE29FE231D281C00558881 /* LaunchScreen.storyboard in Resources */ = {isa = PBXBuildFile; fileRef = F9FE29FC231D281C00558881 /* LaunchScreen.storyboard */; };
		F9FE2A09231D29C400558881 /* Detail.storyboard in Resources */ = {isa = PBXBuildFile; fileRef = F9FE2A08231D29C400558881 /* Detail.storyboard */; };
		F9FE2A0D231D2A4D00558881 /* MovieCell.swift in Sources */ = {isa = PBXBuildFile; fileRef = F9FE2A0B231D2A4D00558881 /* MovieCell.swift */; };
		F9FE2A0E231D2A4D00558881 /* MovieCell.xib in Resources */ = {isa = PBXBuildFile; fileRef = F9FE2A0C231D2A4D00558881 /* MovieCell.xib */; };
/* End PBXBuildFile section */

/* Begin PBXFileReference section */
		F9FE29F0231D281C00558881 /* MovieList.app */ = {isa = PBXFileReference; explicitFileType = wrapper.application; includeInIndex = 0; path = MovieList.app; sourceTree = BUILT_PRODUCTS_DIR; };
		F9FE29F3231D281C00558881 /* AppDelegate.swift */ = {isa = PBXFileReference; lastKnownFileType = sourcecode.swift; path = AppDelegate.swift; sourceTree = "<group>"; };
		F9FE29F5231D281C00558881 /* ViewController.swift */ = {isa = PBXFileReference; lastKnownFileType = sourcecode.swift; path = ViewController.swift; sourceTree = "<group>"; };
		F9FE29F8231D281C00558881 /* Base */ = {isa = PBXFileReference; lastKnownFileType = file.storyboard; name = Base; path = Base.lproj/Main.storyboard; sourceTree = "<group>"; };
		F9FE29FA231D281C00558881 /* Assets.xcassets */ = {isa = PBXFileReference; lastKnownFileType = folder.assetcatalog; path = Assets.xcassets; sourceTree = "<group>"; };
		F9FE29FD231D281C00558881 /* Base */ = {isa = PBXFileReference; lastKnownFileType = file.storyboard; name = Base; path = Base.lproj/LaunchScreen.storyboard; sourceTree = "<group>"; };
		F9FE29FF231D281C00558881 /* Info.plist */ = {isa = PBXFileReference; lastKnownFileType = text.plist.xml; path = Info.plist; sourceTree = "<group>"; };
		F9FE2A08231D29C400558881 /* Detail.storyboard */ = {isa = PBXFileReference; lastKnownFileType = file.storyboard; path = Detail.storyboard; sourceTree = "<group>"; };
		F9FE2A0B231D2A4D00558881 /* MovieCell.swift */ = {isa = PBXFileReference; lastKnownFileType = sourcecode.swift; path = MovieCell.swift; sourceTree = "<group>"; };
		F9FE2A0C231D2A4D00558881 /* MovieCell.xib */ = {isa = PBXFileReference; lastKnownFileType = file.xib; path = MovieCell.xib; sourceTree = "<group>"; };
/* End PBXFileReference section */

/* Begin PBXFrameworksBuildPhase section */
		F9FE29ED231D281C00558881 /* Frameworks */ = {
			isa = PBXFrameworksBuildPhase;
			buildActionMask = 2147483647;
			files = (
			);
			runOnlyForDeploymentPostprocessing = 0;
		};
/* End PBXFrameworksBuildPhase section */

/* Begin PBXGroup section */
		F9FE29E7231D281C00558881 = {
			isa = PBXGroup;
			children = (
				F9FE29F2231D281C00558881 /* MovieList */,
				F9FE29F1231D281C00558881 /* Products */,
			);
			sourceTree = "<group>";
		};
		F9FE29F1231D281C00558881 /* Products */ = {
			isa = PBXGroup;
			children = (
				F9FE29F0231D281C00558881 /* MovieList.app */,
			);
			name = Products;
			sourceTree = "<group>";
		};
		F9FE29F2231D281C00558881 /* MovieList */ = {
			isa = PBXGroup;
			children = (
				F9FE2A05231D285100558881 /* Scences */,
				F9FE29F3231D281C00558881 /* AppDelegate.swift */,
				F9FE29F5231D281C00558881 /* ViewController.swift */,
				F9FE29FA231D281C00558881 /* Assets.xcassets */,
				F9FE29FC231D281C00558881 /* LaunchScreen.storyboard */,
				F9FE29FF231D281C00558881 /* Info.plist */,
			);
			path = MovieList;
			sourceTree = "<group>";
		};
		F9FE2A05231D285100558881 /* Scences */ = {
			isa = PBXGroup;
			children = (
				F9FE2A07231D295900558881 /* Detail */,
				F9FE2A06231D28FA00558881 /* Main */,
			);
			path = Scences;
			sourceTree = "<group>";
		};
		F9FE2A06231D28FA00558881 /* Main */ = {
			isa = PBXGroup;
			children = (
				F9FE2A0A231D29F900558881 /* Cell */,
				F9FE29F7231D281C00558881 /* Main.storyboard */,
			);
			path = Main;
			sourceTree = "<group>";
		};
		F9FE2A07231D295900558881 /* Detail */ = {
			isa = PBXGroup;
			children = (
				F9FE2A08231D29C400558881 /* Detail.storyboard */,
			);
			path = Detail;
			sourceTree = "<group>";
		};
		F9FE2A0A231D29F900558881 /* Cell */ = {
			isa = PBXGroup;
			children = (
				F9FE2A0B231D2A4D00558881 /* MovieCell.swift */,
				F9FE2A0C231D2A4D00558881 /* MovieCell.xib */,
			);
			path = Cell;
			sourceTree = "<group>";
		};
/* End PBXGroup section */

/* Begin PBXNativeTarget section */
		F9FE29EF231D281C00558881 /* MovieList */ = {
			isa = PBXNativeTarget;
			buildConfigurationList = F9FE2A02231D281C00558881 /* Build configuration list for PBXNativeTarget "MovieList" */;
			buildPhases = (
				F9FE29EC231D281C00558881 /* Sources */,
				F9FE29ED231D281C00558881 /* Frameworks */,
				F9FE29EE231D281C00558881 /* Resources */,
			);
			buildRules = (
			);
			dependencies = (
			);
			name = MovieList;
			productName = MovieList;
			productReference = F9FE29F0231D281C00558881 /* MovieList.app */;
			productType = "com.apple.product-type.application";
		};
/* End PBXNativeTarget section */

/* Begin PBXProject section */
		F9FE29E8231D281C00558881 /* Project object */ = {
			isa = PBXProject;
			attributes = {
				LastSwiftUpdateCheck = 1020;
				LastUpgradeCheck = 1020;
				ORGANIZATIONNAME = SCB;
				TargetAttributes = {
					F9FE29EF231D281C00558881 = {
						CreatedOnToolsVersion = 10.2.1;
					};
				};
			};
			buildConfigurationList = F9FE29EB231D281C00558881 /* Build configuration list for PBXProject "MovieList" */;
			compatibilityVersion = "Xcode 9.3";
			developmentRegion = en;
			hasScannedForEncodings = 0;
			knownRegions = (
				en,
				Base,
			);
			mainGroup = F9FE29E7231D281C00558881;
			productRefGroup = F9FE29F1231D281C00558881 /* Products */;
			projectDirPath = "";
			projectRoot = "";
			targets = (
				F9FE29EF231D281C00558881 /* MovieList */,
			);
		};
/* End PBXProject section */

/* Begin PBXResourcesBuildPhase section */
		F9FE29EE231D281C00558881 /* Resources */ = {
			isa = PBXResourcesBuildPhase;
			buildActionMask = 2147483647;
			files = (
				F9FE29FE231D281C00558881 /* LaunchScreen.storyboard in Resources */,
				F9FE29FB231D281C00558881 /* Assets.xcassets in Resources */,
				F9FE29F9231D281C00558881 /* Main.storyboard in Resources */,
				F9FE2A09231D29C400558881 /* Detail.storyboard in Resources */,
				F9FE2A0E231D2A4D00558881 /* MovieCell.xib in Resources */,
			);
			runOnlyForDeploymentPostprocessing = 0;
		};
/* End PBXResourcesBuildPhase section */

/* Begin PBXSourcesBuildPhase section */
		F9FE29EC231D281C00558881 /* Sources */ = {
			isa = PBXSourcesBuildPhase;
			buildActionMask = 2147483647;
			files = (
				F9FE29F6231D281C00558881 /* ViewController.swift in Sources */,
				F9FE29F4231D281C00558881 /* AppDelegate.swift in Sources */,
				F9FE2A0D231D2A4D00558881 /* MovieCell.swift in Sources */,
			);
			runOnlyForDeploymentPostprocessing = 0;
		};
/* End PBXSourcesBuildPhase section */

/* Begin PBXVariantGroup section */
		F9FE29F7231D281C00558881 /* Main.storyboard */ = {
			isa = PBXVariantGroup;
			children = (
				F9FE29F8231D281C00558881 /* Base */,
			);
			name = Main.storyboard;
			sourceTree = "<group>";
		};
		F9FE29FC231D281C00558881 /* LaunchScreen.storyboard */ = {
			isa = PBXVariantGroup;
			children = (
				F9FE29FD231D281C00558881 /* Base */,
			);
			name = LaunchScreen.storyboard;
			sourceTree = "<group>";
		};
/* End PBXVariantGroup section */

/* Begin XCBuildConfiguration section */
		F9FE2A00231D281C00558881 /* Debug */ = {
			isa = XCBuildConfiguration;
			buildSettings = {
				ALWAYS_SEARCH_USER_PATHS = NO;
				CLANG_ANALYZER_NONNULL = YES;
				CLANG_ANALYZER_NUMBER_OBJECT_CONVERSION = YES_AGGRESSIVE;
				CLANG_CXX_LANGUAGE_STANDARD = "gnu++14";
				CLANG_CXX_LIBRARY = "libc++";
				CLANG_ENABLE_MODULES = YES;
				CLANG_ENABLE_OBJC_ARC = YES;
				CLANG_ENABLE_OBJC_WEAK = YES;
				CLANG_WARN_BLOCK_CAPTURE_AUTORELEASING = YES;
				CLANG_WARN_BOOL_CONVERSION = YES;
				CLANG_WARN_COMMA = YES;
				CLANG_WARN_CONSTANT_CONVERSION = YES;
				CLANG_WARN_DEPRECATED_OBJC_IMPLEMENTATIONS = YES;
				CLANG_WARN_DIRECT_OBJC_ISA_USAGE = YES_ERROR;
				CLANG_WARN_DOCUMENTATION_COMMENTS = YES;
				CLANG_WARN_EMPTY_BODY = YES;
				CLANG_WARN_ENUM_CONVERSION = YES;
				CLANG_WARN_INFINITE_RECURSION = YES;
				CLANG_WARN_INT_CONVERSION = YES;
				CLANG_WARN_NON_LITERAL_NULL_CONVERSION = YES;
				CLANG_WARN_OBJC_IMPLICIT_RETAIN_SELF = YES;
				CLANG_WARN_OBJC_LITERAL_CONVERSION = YES;
				CLANG_WARN_OBJC_ROOT_CLASS = YES_ERROR;
				CLANG_WARN_RANGE_LOOP_ANALYSIS = YES;
				CLANG_WARN_STRICT_PROTOTYPES = YES;
				CLANG_WARN_SUSPICIOUS_MOVE = YES;
				CLANG_WARN_UNGUARDED_AVAILABILITY = YES_AGGRESSIVE;
				CLANG_WARN_UNREACHABLE_CODE = YES;
				CLANG_WARN__DUPLICATE_METHOD_MATCH = YES;
				CODE_SIGN_IDENTITY = "iPhone Developer";
				COPY_PHASE_STRIP = NO;
				DEBUG_INFORMATION_FORMAT = dwarf;
				ENABLE_STRICT_OBJC_MSGSEND = YES;
				ENABLE_TESTABILITY = YES;
				GCC_C_LANGUAGE_STANDARD = gnu11;
				GCC_DYNAMIC_NO_PIC = NO;
				GCC_NO_COMMON_BLOCKS = YES;
				GCC_OPTIMIZATION_LEVEL = 0;
				GCC_PREPROCESSOR_DEFINITIONS = (
					"DEBUG=1",
					"$(inherited)",
				);
				GCC_WARN_64_TO_32_BIT_CONVERSION = YES;
				GCC_WARN_ABOUT_RETURN_TYPE = YES_ERROR;
				GCC_WARN_UNDECLARED_SELECTOR = YES;
				GCC_WARN_UNINITIALIZED_AUTOS = YES_AGGRESSIVE;
				GCC_WARN_UNUSED_FUNCTION = YES;
				GCC_WARN_UNUSED_VARIABLE = YES;
				IPHONEOS_DEPLOYMENT_TARGET = 12.2;
				MTL_ENABLE_DEBUG_INFO = INCLUDE_SOURCE;
				MTL_FAST_MATH = YES;
				ONLY_ACTIVE_ARCH = YES;
				SDKROOT = iphoneos;
				SWIFT_ACTIVE_COMPILATION_CONDITIONS = DEBUG;
				SWIFT_OPTIMIZATION_LEVEL = "-Onone";
			};
			name = Debug;
		};
		F9FE2A01231D281C00558881 /* Release */ = {
			isa = XCBuildConfiguration;
			buildSettings = {
				ALWAYS_SEARCH_USER_PATHS = NO;
				CLANG_ANALYZER_NONNULL = YES;
				CLANG_ANALYZER_NUMBER_OBJECT_CONVERSION = YES_AGGRESSIVE;
				CLANG_CXX_LANGUAGE_STANDARD = "gnu++14";
				CLANG_CXX_LIBRARY = "libc++";
				CLANG_ENABLE_MODULES = YES;
				CLANG_ENABLE_OBJC_ARC = YES;
				CLANG_ENABLE_OBJC_WEAK = YES;
				CLANG_WARN_BLOCK_CAPTURE_AUTORELEASING = YES;
				CLANG_WARN_BOOL_CONVERSION = YES;
				CLANG_WARN_COMMA = YES;
				CLANG_WARN_CONSTANT_CONVERSION = YES;
				CLANG_WARN_DEPRECATED_OBJC_IMPLEMENTATIONS = YES;
				CLANG_WARN_DIRECT_OBJC_ISA_USAGE = YES_ERROR;
				CLANG_WARN_DOCUMENTATION_COMMENTS = YES;
				CLANG_WARN_EMPTY_BODY = YES;
				CLANG_WARN_ENUM_CONVERSION = YES;
				CLANG_WARN_INFINITE_RECURSION = YES;
				CLANG_WARN_INT_CONVERSION = YES;
				CLANG_WARN_NON_LITERAL_NULL_CONVERSION = YES;
				CLANG_WARN_OBJC_IMPLICIT_RETAIN_SELF = YES;
				CLANG_WARN_OBJC_LITERAL_CONVERSION = YES;
				CLANG_WARN_OBJC_ROOT_CLASS = YES_ERROR;
				CLANG_WARN_RANGE_LOOP_ANALYSIS = YES;
				CLANG_WARN_STRICT_PROTOTYPES = YES;
				CLANG_WARN_SUSPICIOUS_MOVE = YES;
				CLANG_WARN_UNGUARDED_AVAILABILITY = YES_AGGRESSIVE;
				CLANG_WARN_UNREACHABLE_CODE = YES;
				CLANG_WARN__DUPLICATE_METHOD_MATCH = YES;
				CODE_SIGN_IDENTITY = "iPhone Developer";
				COPY_PHASE_STRIP = NO;
				DEBUG_INFORMATION_FORMAT = "dwarf-with-dsym";
				ENABLE_NS_ASSERTIONS = NO;
				ENABLE_STRICT_OBJC_MSGSEND = YES;
				GCC_C_LANGUAGE_STANDARD = gnu11;
				GCC_NO_COMMON_BLOCKS = YES;
				GCC_WARN_64_TO_32_BIT_CONVERSION = YES;
				GCC_WARN_ABOUT_RETURN_TYPE = YES_ERROR;
				GCC_WARN_UNDECLARED_SELECTOR = YES;
				GCC_WARN_UNINITIALIZED_AUTOS = YES_AGGRESSIVE;
				GCC_WARN_UNUSED_FUNCTION = YES;
				GCC_WARN_UNUSED_VARIABLE = YES;
				IPHONEOS_DEPLOYMENT_TARGET = 12.2;
				MTL_ENABLE_DEBUG_INFO = NO;
				MTL_FAST_MATH = YES;
				SDKROOT = iphoneos;
				SWIFT_COMPILATION_MODE = wholemodule;
				SWIFT_OPTIMIZATION_LEVEL = "-O";
				VALIDATE_PRODUCT = YES;
			};
			name = Release;
		};
		F9FE2A03231D281C00558881 /* Debug */ = {
			isa = XCBuildConfiguration;
			buildSettings = {
				ASSETCATALOG_COMPILER_APPICON_NAME = AppIcon;
				CODE_SIGN_STYLE = Automatic;
				INFOPLIST_FILE = MovieList/Info.plist;
				LD_RUNPATH_SEARCH_PATHS = (
					"$(inherited)",
					"@executable_path/Frameworks",
				);
				PRODUCT_BUNDLE_IDENTIFIER = com.scb.ios.advanced.MovieList;
				PRODUCT_NAME = "$(TARGET_NAME)";
				SWIFT_VERSION = 5.0;
				TARGETED_DEVICE_FAMILY = "1,2";
			};
			name = Debug;
		};
		F9FE2A04231D281C00558881 /* Release */ = {
			isa = XCBuildConfiguration;
			buildSettings = {
				ASSETCATALOG_COMPILER_APPICON_NAME = AppIcon;
				CODE_SIGN_STYLE = Automatic;
				INFOPLIST_FILE = MovieList/Info.plist;
				LD_RUNPATH_SEARCH_PATHS = (
					"$(inherited)",
					"@executable_path/Frameworks",
				);
				PRODUCT_BUNDLE_IDENTIFIER = com.scb.ios.advanced.MovieList;
				PRODUCT_NAME = "$(TARGET_NAME)";
				SWIFT_VERSION = 5.0;
				TARGETED_DEVICE_FAMILY = "1,2";
			};
			name = Release;
		};
/* End XCBuildConfiguration section */

/* Begin XCConfigurationList section */
		F9FE29EB231D281C00558881 /* Build configuration list for PBXProject "MovieList" */ = {
			isa = XCConfigurationList;
			buildConfigurations = (
				F9FE2A00231D281C00558881 /* Debug */,
				F9FE2A01231D281C00558881 /* Release */,
			);
			defaultConfigurationIsVisible = 0;
			defaultConfigurationName = Release;
		};
		F9FE2A02231D281C00558881 /* Build configuration list for PBXNativeTarget "MovieList" */ = {
			isa = XCConfigurationList;
			buildConfigurations = (
				F9FE2A03231D281C00558881 /* Debug */,
				F9FE2A04231D281C00558881 /* Release */,
			);
			defaultConfigurationIsVisible = 0;
			defaultConfigurationName = Release;
		};
/* End XCConfigurationList section */
	};
	rootObject = F9FE29E8231D281C00558881 /* Project object */;
}
